
Microsoft Visual Studio Solution File, Format Version 12.00
# Visual Studio Version 17
VisualStudioVersion = 17.4.33213.308
MinimumVisualStudioVersion = 10.0.40219.1
Project("{FAE04EC0-301F-11D3-BF4B-00C04F79EFBC}") = "Etapa3_TP", "Etapa3_TP.csproj", "{B73BF536-4131-47E2-BA3C-EECD4A236E58}"
EndProject
Global
	GlobalSection(SolutionConfigurationPlatforms) = preSolution
		Debug|Any CPU = Debug|Any CPU
		Release|Any CPU = Release|Any CPU
	EndGlobalSection
	GlobalSection(ProjectConfigurationPlatforms) = postSolution
		{B73BF536-4131-47E2-BA3C-EECD4A236E58}.Debug|Any CPU.ActiveCfg = Debug|Any CPU
		{B73BF536-4131-47E2-BA3C-EECD4A236E58}.Debug|Any CPU.Build.0 = Debug|Any CPU
		{B73BF536-4131-47E2-BA3C-EECD4A236E58}.Release|Any CPU.ActiveCfg = Release|Any CPU
		{B73BF536-4131-47E2-BA3C-EECD4A236E58}.Release|Any CPU.Build.0 = Release|Any CPU
	EndGlobalSection
	GlobalSection(SolutionProperties) = preSolution
		HideSolutionNode = FALSE
	EndGlobalSection
	GlobalSection(ExtensibilityGlobals) = postSolution
		SolutionGuid = {8BF5EAC8-B24D-4218-949F-3E71AC3ACC8E}
	EndGlobalSection
EndGlobal
